# This file is automatically @generated by Cargo.
# It is not intended for manual editing.
[[package]]
name = "aho-corasick"
version = "0.7.6"
source = "registry+https://github.com/rust-lang/crates.io-index"
dependencies = [
 "memchr 2.2.1 (registry+https://github.com/rust-lang/crates.io-index)",
]

[[package]]
name = "arrayref"
version = "0.3.5"
source = "registry+https://github.com/rust-lang/crates.io-index"

[[package]]
name = "arrayvec"
version = "0.5.1"
source = "registry+https://github.com/rust-lang/crates.io-index"

[[package]]
name = "astar"
version = "4.0.0"
source = "registry+https://github.com/rust-lang/crates.io-index"
dependencies = [
 "fnv 1.0.6 (registry+https://github.com/rust-lang/crates.io-index)",
 "num-traits 0.1.43 (registry+https://github.com/rust-lang/crates.io-index)",
 "typed-arena 1.2.0 (registry+https://github.com/rust-lang/crates.io-index)",
]

[[package]]
name = "autocfg"
version = "0.1.7"
source = "registry+https://github.com/rust-lang/crates.io-index"

[[package]]
name = "backtrace"
version = "0.3.40"
source = "registry+https://github.com/rust-lang/crates.io-index"
dependencies = [
 "backtrace-sys 0.1.32 (registry+https://github.com/rust-lang/crates.io-index)",
 "cfg-if 0.1.10 (registry+https://github.com/rust-lang/crates.io-index)",
 "libc 0.2.65 (registry+https://github.com/rust-lang/crates.io-index)",
 "rustc-demangle 0.1.16 (registry+https://github.com/rust-lang/crates.io-index)",
]

[[package]]
name = "backtrace-sys"
version = "0.1.32"
source = "registry+https://github.com/rust-lang/crates.io-index"
dependencies = [
 "cc 1.0.47 (registry+https://github.com/rust-lang/crates.io-index)",
 "libc 0.2.65 (registry+https://github.com/rust-lang/crates.io-index)",
]

[[package]]
name = "base64"
version = "0.10.1"
source = "registry+https://github.com/rust-lang/crates.io-index"
dependencies = [
 "byteorder 1.3.2 (registry+https://github.com/rust-lang/crates.io-index)",
]

[[package]]
name = "bindgen"
version = "0.51.1"
source = "registry+https://github.com/rust-lang/crates.io-index"
dependencies = [
 "bitflags 1.2.1 (registry+https://github.com/rust-lang/crates.io-index)",
 "cexpr 0.3.6 (registry+https://github.com/rust-lang/crates.io-index)",
 "cfg-if 0.1.10 (registry+https://github.com/rust-lang/crates.io-index)",
 "clang-sys 0.28.1 (registry+https://github.com/rust-lang/crates.io-index)",
 "lazy_static 1.4.0 (registry+https://github.com/rust-lang/crates.io-index)",
 "peeking_take_while 0.1.2 (registry+https://github.com/rust-lang/crates.io-index)",
 "proc-macro2 1.0.6 (registry+https://github.com/rust-lang/crates.io-index)",
 "quote 1.0.2 (registry+https://github.com/rust-lang/crates.io-index)",
 "regex 1.3.1 (registry+https://github.com/rust-lang/crates.io-index)",
 "rustc-hash 1.0.1 (registry+https://github.com/rust-lang/crates.io-index)",
 "shlex 0.1.1 (registry+https://github.com/rust-lang/crates.io-index)",
]

[[package]]
name = "bitflags"
version = "1.2.1"
source = "registry+https://github.com/rust-lang/crates.io-index"

[[package]]
name = "blake2b_simd"
version = "0.5.9"
source = "registry+https://github.com/rust-lang/crates.io-index"
dependencies = [
 "arrayref 0.3.5 (registry+https://github.com/rust-lang/crates.io-index)",
 "arrayvec 0.5.1 (registry+https://github.com/rust-lang/crates.io-index)",
 "constant_time_eq 0.1.4 (registry+https://github.com/rust-lang/crates.io-index)",
]

[[package]]
name = "byteorder"
version = "1.3.2"
source = "registry+https://github.com/rust-lang/crates.io-index"

[[package]]
name = "c_vec"
version = "1.3.3"
source = "registry+https://github.com/rust-lang/crates.io-index"

[[package]]
name = "cc"
version = "1.0.47"
source = "registry+https://github.com/rust-lang/crates.io-index"

[[package]]
name = "cexpr"
version = "0.3.6"
source = "registry+https://github.com/rust-lang/crates.io-index"
dependencies = [
 "nom 4.2.3 (registry+https://github.com/rust-lang/crates.io-index)",
]

[[package]]
name = "cfg-if"
version = "0.1.10"
source = "registry+https://github.com/rust-lang/crates.io-index"

[[package]]
name = "chrono"
version = "0.4.9"
source = "registry+https://github.com/rust-lang/crates.io-index"
dependencies = [
 "libc 0.2.65 (registry+https://github.com/rust-lang/crates.io-index)",
 "num-integer 0.1.41 (registry+https://github.com/rust-lang/crates.io-index)",
 "num-traits 0.2.8 (registry+https://github.com/rust-lang/crates.io-index)",
 "time 0.1.42 (registry+https://github.com/rust-lang/crates.io-index)",
]

[[package]]
name = "clang-sys"
version = "0.28.1"
source = "registry+https://github.com/rust-lang/crates.io-index"
dependencies = [
 "glob 0.3.0 (registry+https://github.com/rust-lang/crates.io-index)",
 "libc 0.2.65 (registry+https://github.com/rust-lang/crates.io-index)",
 "libloading 0.5.2 (registry+https://github.com/rust-lang/crates.io-index)",
]

[[package]]
name = "cloudabi"
version = "0.0.3"
source = "registry+https://github.com/rust-lang/crates.io-index"
dependencies = [
 "bitflags 1.2.1 (registry+https://github.com/rust-lang/crates.io-index)",
]

[[package]]
name = "constant_time_eq"
version = "0.1.4"
source = "registry+https://github.com/rust-lang/crates.io-index"

[[package]]
name = "crossbeam-utils"
version = "0.6.6"
source = "registry+https://github.com/rust-lang/crates.io-index"
dependencies = [
 "cfg-if 0.1.10 (registry+https://github.com/rust-lang/crates.io-index)",
 "lazy_static 1.4.0 (registry+https://github.com/rust-lang/crates.io-index)",
]

[[package]]
name = "dirs"
version = "1.0.5"
source = "registry+https://github.com/rust-lang/crates.io-index"
dependencies = [
 "libc 0.2.65 (registry+https://github.com/rust-lang/crates.io-index)",
 "redox_users 0.3.1 (registry+https://github.com/rust-lang/crates.io-index)",
 "winapi 0.3.8 (registry+https://github.com/rust-lang/crates.io-index)",
]

[[package]]
name = "euclid"
version = "0.20.3"
source = "registry+https://github.com/rust-lang/crates.io-index"
dependencies = [
 "num-traits 0.2.8 (registry+https://github.com/rust-lang/crates.io-index)",
]

[[package]]
name = "failure"
version = "0.1.6"
source = "registry+https://github.com/rust-lang/crates.io-index"
dependencies = [
 "backtrace 0.3.40 (registry+https://github.com/rust-lang/crates.io-index)",
 "failure_derive 0.1.6 (registry+https://github.com/rust-lang/crates.io-index)",
]

[[package]]
name = "failure_derive"
version = "0.1.6"
source = "registry+https://github.com/rust-lang/crates.io-index"
dependencies = [
 "proc-macro2 1.0.6 (registry+https://github.com/rust-lang/crates.io-index)",
 "quote 1.0.2 (registry+https://github.com/rust-lang/crates.io-index)",
 "syn 1.0.8 (registry+https://github.com/rust-lang/crates.io-index)",
 "synstructure 0.12.2 (registry+https://github.com/rust-lang/crates.io-index)",
]

[[package]]
name = "fnv"
version = "1.0.6"
source = "registry+https://github.com/rust-lang/crates.io-index"

[[package]]
name = "fuchsia-cprng"
version = "0.1.1"
source = "registry+https://github.com/rust-lang/crates.io-index"

[[package]]
name = "gdnative"
version = "0.5.0"
dependencies = [
 "gdnative-bindings 0.1.0",
 "gdnative-core 0.5.0",
 "gdnative-derive 0.5.0",
]

[[package]]
name = "gdnative-bindings"
version = "0.1.0"
dependencies = [
 "bitflags 1.2.1 (registry+https://github.com/rust-lang/crates.io-index)",
 "gdnative-core 0.5.0",
 "gdnative-sys 0.5.0",
 "gdnative_bindings_generator 0.2.0",
 "libc 0.2.65 (registry+https://github.com/rust-lang/crates.io-index)",
]

[[package]]
name = "gdnative-core"
version = "0.5.0"
dependencies = [
 "bitflags 1.2.1 (registry+https://github.com/rust-lang/crates.io-index)",
 "euclid 0.20.3 (registry+https://github.com/rust-lang/crates.io-index)",
 "gdnative-sys 0.5.0",
 "gdnative_bindings_generator 0.2.0",
 "libc 0.2.65 (registry+https://github.com/rust-lang/crates.io-index)",
 "parking_lot 0.9.0 (registry+https://github.com/rust-lang/crates.io-index)",
]

[[package]]
name = "gdnative-derive"
version = "0.5.0"
dependencies = [
 "proc-macro2 1.0.6 (registry+https://github.com/rust-lang/crates.io-index)",
 "quote 1.0.2 (registry+https://github.com/rust-lang/crates.io-index)",
 "syn 1.0.8 (registry+https://github.com/rust-lang/crates.io-index)",
]

[[package]]
name = "gdnative-sys"
version = "0.5.0"
dependencies = [
 "bindgen 0.51.1 (registry+https://github.com/rust-lang/crates.io-index)",
 "libc 0.2.65 (registry+https://github.com/rust-lang/crates.io-index)",
 "serde 1.0.102 (registry+https://github.com/rust-lang/crates.io-index)",
 "serde_json 1.0.41 (registry+https://github.com/rust-lang/crates.io-index)",
]

[[package]]
name = "gdnative_bindings_generator"
version = "0.2.0"
dependencies = [
 "heck 0.3.1 (registry+https://github.com/rust-lang/crates.io-index)",
 "serde 1.0.102 (registry+https://github.com/rust-lang/crates.io-index)",
 "serde_derive 1.0.102 (registry+https://github.com/rust-lang/crates.io-index)",
 "serde_json 1.0.41 (registry+https://github.com/rust-lang/crates.io-index)",
]

[[package]]
name = "glob"
version = "0.3.0"
source = "registry+https://github.com/rust-lang/crates.io-index"

[[package]]
name = "heck"
version = "0.3.1"
source = "registry+https://github.com/rust-lang/crates.io-index"
dependencies = [
 "unicode-segmentation 1.5.0 (registry+https://github.com/rust-lang/crates.io-index)",
]

[[package]]
name = "itoa"
version = "0.4.4"
source = "registry+https://github.com/rust-lang/crates.io-index"

[[package]]
name = "lazy_static"
version = "1.4.0"
source = "registry+https://github.com/rust-lang/crates.io-index"

[[package]]
name = "libc"
version = "0.2.65"
source = "registry+https://github.com/rust-lang/crates.io-index"

[[package]]
name = "libloading"
version = "0.5.2"
source = "registry+https://github.com/rust-lang/crates.io-index"
dependencies = [
 "cc 1.0.47 (registry+https://github.com/rust-lang/crates.io-index)",
 "winapi 0.3.8 (registry+https://github.com/rust-lang/crates.io-index)",
]

[[package]]
name = "lock_api"
version = "0.3.1"
source = "registry+https://github.com/rust-lang/crates.io-index"
dependencies = [
 "scopeguard 1.0.0 (registry+https://github.com/rust-lang/crates.io-index)",
]

[[package]]
name = "log"
version = "0.4.8"
source = "registry+https://github.com/rust-lang/crates.io-index"
dependencies = [
 "cfg-if 0.1.10 (registry+https://github.com/rust-lang/crates.io-index)",
]

[[package]]
name = "maybe-uninit"
version = "2.0.0"
source = "registry+https://github.com/rust-lang/crates.io-index"

[[package]]
name = "memchr"
version = "2.2.1"
source = "registry+https://github.com/rust-lang/crates.io-index"

[[package]]
name = "nix"
version = "0.13.1"
source = "registry+https://github.com/rust-lang/crates.io-index"
dependencies = [
 "bitflags 1.2.1 (registry+https://github.com/rust-lang/crates.io-index)",
 "cc 1.0.47 (registry+https://github.com/rust-lang/crates.io-index)",
 "cfg-if 0.1.10 (registry+https://github.com/rust-lang/crates.io-index)",
 "libc 0.2.65 (registry+https://github.com/rust-lang/crates.io-index)",
 "void 1.0.2 (registry+https://github.com/rust-lang/crates.io-index)",
]

[[package]]
name = "nom"
version = "4.2.3"
source = "registry+https://github.com/rust-lang/crates.io-index"
dependencies = [
 "memchr 2.2.1 (registry+https://github.com/rust-lang/crates.io-index)",
 "version_check 0.1.5 (registry+https://github.com/rust-lang/crates.io-index)",
]

[[package]]
name = "num"
version = "0.1.42"
source = "registry+https://github.com/rust-lang/crates.io-index"
dependencies = [
 "num-integer 0.1.41 (registry+https://github.com/rust-lang/crates.io-index)",
 "num-iter 0.1.39 (registry+https://github.com/rust-lang/crates.io-index)",
 "num-traits 0.2.8 (registry+https://github.com/rust-lang/crates.io-index)",
]

[[package]]
name = "num-integer"
version = "0.1.41"
source = "registry+https://github.com/rust-lang/crates.io-index"
dependencies = [
 "autocfg 0.1.7 (registry+https://github.com/rust-lang/crates.io-index)",
 "num-traits 0.2.8 (registry+https://github.com/rust-lang/crates.io-index)",
]

[[package]]
name = "num-iter"
version = "0.1.39"
source = "registry+https://github.com/rust-lang/crates.io-index"
dependencies = [
 "autocfg 0.1.7 (registry+https://github.com/rust-lang/crates.io-index)",
 "num-integer 0.1.41 (registry+https://github.com/rust-lang/crates.io-index)",
 "num-traits 0.2.8 (registry+https://github.com/rust-lang/crates.io-index)",
]

[[package]]
name = "num-traits"
version = "0.1.43"
source = "registry+https://github.com/rust-lang/crates.io-index"
dependencies = [
 "num-traits 0.2.8 (registry+https://github.com/rust-lang/crates.io-index)",
]

[[package]]
name = "num-traits"
version = "0.2.8"
source = "registry+https://github.com/rust-lang/crates.io-index"
dependencies = [
 "autocfg 0.1.7 (registry+https://github.com/rust-lang/crates.io-index)",
]

[[package]]
name = "parking_lot"
version = "0.9.0"
source = "registry+https://github.com/rust-lang/crates.io-index"
dependencies = [
 "lock_api 0.3.1 (registry+https://github.com/rust-lang/crates.io-index)",
 "parking_lot_core 0.6.2 (registry+https://github.com/rust-lang/crates.io-index)",
 "rustc_version 0.2.3 (registry+https://github.com/rust-lang/crates.io-index)",
]

[[package]]
name = "parking_lot_core"
version = "0.6.2"
source = "registry+https://github.com/rust-lang/crates.io-index"
dependencies = [
 "cfg-if 0.1.10 (registry+https://github.com/rust-lang/crates.io-index)",
 "cloudabi 0.0.3 (registry+https://github.com/rust-lang/crates.io-index)",
 "libc 0.2.65 (registry+https://github.com/rust-lang/crates.io-index)",
 "redox_syscall 0.1.56 (registry+https://github.com/rust-lang/crates.io-index)",
 "rustc_version 0.2.3 (registry+https://github.com/rust-lang/crates.io-index)",
 "smallvec 0.6.13 (registry+https://github.com/rust-lang/crates.io-index)",
 "winapi 0.3.8 (registry+https://github.com/rust-lang/crates.io-index)",
]

[[package]]
name = "peeking_take_while"
version = "0.1.2"
source = "registry+https://github.com/rust-lang/crates.io-index"

[[package]]
name = "piston-float"
version = "1.0.0"
source = "registry+https://github.com/rust-lang/crates.io-index"

[[package]]
name = "proc-macro2"
version = "1.0.6"
source = "registry+https://github.com/rust-lang/crates.io-index"
dependencies = [
 "unicode-xid 0.2.0 (registry+https://github.com/rust-lang/crates.io-index)",
]

[[package]]
name = "proc_vector2d"
version = "1.0.2"
source = "registry+https://github.com/rust-lang/crates.io-index"

[[package]]
name = "quote"
version = "1.0.2"
source = "registry+https://github.com/rust-lang/crates.io-index"
dependencies = [
 "proc-macro2 1.0.6 (registry+https://github.com/rust-lang/crates.io-index)",
]

[[package]]
name = "rand"
version = "0.6.5"
source = "registry+https://github.com/rust-lang/crates.io-index"
dependencies = [
 "autocfg 0.1.7 (registry+https://github.com/rust-lang/crates.io-index)",
 "libc 0.2.65 (registry+https://github.com/rust-lang/crates.io-index)",
 "rand_chacha 0.1.1 (registry+https://github.com/rust-lang/crates.io-index)",
 "rand_core 0.4.2 (registry+https://github.com/rust-lang/crates.io-index)",
 "rand_hc 0.1.0 (registry+https://github.com/rust-lang/crates.io-index)",
 "rand_isaac 0.1.1 (registry+https://github.com/rust-lang/crates.io-index)",
 "rand_jitter 0.1.4 (registry+https://github.com/rust-lang/crates.io-index)",
 "rand_os 0.1.3 (registry+https://github.com/rust-lang/crates.io-index)",
 "rand_pcg 0.1.2 (registry+https://github.com/rust-lang/crates.io-index)",
 "rand_xorshift 0.1.1 (registry+https://github.com/rust-lang/crates.io-index)",
 "winapi 0.3.8 (registry+https://github.com/rust-lang/crates.io-index)",
]

[[package]]
name = "rand_chacha"
version = "0.1.1"
source = "registry+https://github.com/rust-lang/crates.io-index"
dependencies = [
 "autocfg 0.1.7 (registry+https://github.com/rust-lang/crates.io-index)",
 "rand_core 0.3.1 (registry+https://github.com/rust-lang/crates.io-index)",
]

[[package]]
name = "rand_core"
version = "0.3.1"
source = "registry+https://github.com/rust-lang/crates.io-index"
dependencies = [
 "rand_core 0.4.2 (registry+https://github.com/rust-lang/crates.io-index)",
]

[[package]]
name = "rand_core"
version = "0.4.2"
source = "registry+https://github.com/rust-lang/crates.io-index"

[[package]]
name = "rand_hc"
version = "0.1.0"
source = "registry+https://github.com/rust-lang/crates.io-index"
dependencies = [
 "rand_core 0.3.1 (registry+https://github.com/rust-lang/crates.io-index)",
]

[[package]]
name = "rand_isaac"
version = "0.1.1"
source = "registry+https://github.com/rust-lang/crates.io-index"
dependencies = [
 "rand_core 0.3.1 (registry+https://github.com/rust-lang/crates.io-index)",
]

[[package]]
name = "rand_jitter"
version = "0.1.4"
source = "registry+https://github.com/rust-lang/crates.io-index"
dependencies = [
 "libc 0.2.65 (registry+https://github.com/rust-lang/crates.io-index)",
 "rand_core 0.4.2 (registry+https://github.com/rust-lang/crates.io-index)",
 "winapi 0.3.8 (registry+https://github.com/rust-lang/crates.io-index)",
]

[[package]]
name = "rand_os"
version = "0.1.3"
source = "registry+https://github.com/rust-lang/crates.io-index"
dependencies = [
 "cloudabi 0.0.3 (registry+https://github.com/rust-lang/crates.io-index)",
 "fuchsia-cprng 0.1.1 (registry+https://github.com/rust-lang/crates.io-index)",
 "libc 0.2.65 (registry+https://github.com/rust-lang/crates.io-index)",
 "rand_core 0.4.2 (registry+https://github.com/rust-lang/crates.io-index)",
 "rdrand 0.4.0 (registry+https://github.com/rust-lang/crates.io-index)",
 "winapi 0.3.8 (registry+https://github.com/rust-lang/crates.io-index)",
]

[[package]]
name = "rand_pcg"
version = "0.1.2"
source = "registry+https://github.com/rust-lang/crates.io-index"
dependencies = [
 "autocfg 0.1.7 (registry+https://github.com/rust-lang/crates.io-index)",
 "rand_core 0.4.2 (registry+https://github.com/rust-lang/crates.io-index)",
]

[[package]]
name = "rand_xorshift"
version = "0.1.1"
source = "registry+https://github.com/rust-lang/crates.io-index"
dependencies = [
 "rand_core 0.3.1 (registry+https://github.com/rust-lang/crates.io-index)",
]

[[package]]
name = "rdrand"
version = "0.4.0"
source = "registry+https://github.com/rust-lang/crates.io-index"
dependencies = [
 "rand_core 0.3.1 (registry+https://github.com/rust-lang/crates.io-index)",
]

[[package]]
name = "redox_syscall"
version = "0.1.56"
source = "registry+https://github.com/rust-lang/crates.io-index"

[[package]]
name = "redox_users"
version = "0.3.1"
source = "registry+https://github.com/rust-lang/crates.io-index"
dependencies = [
 "failure 0.1.6 (registry+https://github.com/rust-lang/crates.io-index)",
 "rand_os 0.1.3 (registry+https://github.com/rust-lang/crates.io-index)",
 "redox_syscall 0.1.56 (registry+https://github.com/rust-lang/crates.io-index)",
 "rust-argon2 0.5.1 (registry+https://github.com/rust-lang/crates.io-index)",
]

[[package]]
name = "regex"
version = "1.3.1"
source = "registry+https://github.com/rust-lang/crates.io-index"
dependencies = [
 "aho-corasick 0.7.6 (registry+https://github.com/rust-lang/crates.io-index)",
 "memchr 2.2.1 (registry+https://github.com/rust-lang/crates.io-index)",
 "regex-syntax 0.6.12 (registry+https://github.com/rust-lang/crates.io-index)",
 "thread_local 0.3.6 (registry+https://github.com/rust-lang/crates.io-index)",
]

[[package]]
name = "regex-syntax"
version = "0.6.12"
source = "registry+https://github.com/rust-lang/crates.io-index"

[[package]]
name = "rmp"
version = "0.8.8"
source = "registry+https://github.com/rust-lang/crates.io-index"
dependencies = [
 "byteorder 1.3.2 (registry+https://github.com/rust-lang/crates.io-index)",
 "num-traits 0.2.8 (registry+https://github.com/rust-lang/crates.io-index)",
]

[[package]]
name = "rmp-serde"
version = "0.14.0"
source = "registry+https://github.com/rust-lang/crates.io-index"
dependencies = [
 "byteorder 1.3.2 (registry+https://github.com/rust-lang/crates.io-index)",
 "rmp 0.8.8 (registry+https://github.com/rust-lang/crates.io-index)",
 "serde 1.0.102 (registry+https://github.com/rust-lang/crates.io-index)",
]

[[package]]
name = "rust-argon2"
version = "0.5.1"
source = "registry+https://github.com/rust-lang/crates.io-index"
dependencies = [
 "base64 0.10.1 (registry+https://github.com/rust-lang/crates.io-index)",
 "blake2b_simd 0.5.9 (registry+https://github.com/rust-lang/crates.io-index)",
 "crossbeam-utils 0.6.6 (registry+https://github.com/rust-lang/crates.io-index)",
]

[[package]]
name = "rustc-demangle"
version = "0.1.16"
source = "registry+https://github.com/rust-lang/crates.io-index"

[[package]]
name = "rustc-hash"
version = "1.0.1"
source = "registry+https://github.com/rust-lang/crates.io-index"
dependencies = [
 "byteorder 1.3.2 (registry+https://github.com/rust-lang/crates.io-index)",
]

[[package]]
name = "rustc_version"
version = "0.2.3"
source = "registry+https://github.com/rust-lang/crates.io-index"
dependencies = [
 "semver 0.9.0 (registry+https://github.com/rust-lang/crates.io-index)",
]

[[package]]
name = "rustyline"
version = "4.1.0"
source = "registry+https://github.com/rust-lang/crates.io-index"
dependencies = [
 "dirs 1.0.5 (registry+https://github.com/rust-lang/crates.io-index)",
 "libc 0.2.65 (registry+https://github.com/rust-lang/crates.io-index)",
 "log 0.4.8 (registry+https://github.com/rust-lang/crates.io-index)",
 "memchr 2.2.1 (registry+https://github.com/rust-lang/crates.io-index)",
 "nix 0.13.1 (registry+https://github.com/rust-lang/crates.io-index)",
 "unicode-segmentation 1.5.0 (registry+https://github.com/rust-lang/crates.io-index)",
 "unicode-width 0.1.6 (registry+https://github.com/rust-lang/crates.io-index)",
 "utf8parse 0.1.1 (registry+https://github.com/rust-lang/crates.io-index)",
 "winapi 0.3.8 (registry+https://github.com/rust-lang/crates.io-index)",
]

[[package]]
name = "ryu"
version = "1.0.2"
source = "registry+https://github.com/rust-lang/crates.io-index"

[[package]]
name = "scopeguard"
version = "1.0.0"
source = "registry+https://github.com/rust-lang/crates.io-index"

[[package]]
name = "sdl2"
version = "0.32.2"
source = "registry+https://github.com/rust-lang/crates.io-index"
dependencies = [
 "bitflags 1.2.1 (registry+https://github.com/rust-lang/crates.io-index)",
 "c_vec 1.3.3 (registry+https://github.com/rust-lang/crates.io-index)",
 "lazy_static 1.4.0 (registry+https://github.com/rust-lang/crates.io-index)",
 "libc 0.2.65 (registry+https://github.com/rust-lang/crates.io-index)",
 "num 0.1.42 (registry+https://github.com/rust-lang/crates.io-index)",
 "rand 0.6.5 (registry+https://github.com/rust-lang/crates.io-index)",
 "sdl2-sys 0.32.6 (registry+https://github.com/rust-lang/crates.io-index)",
]

[[package]]
name = "sdl2-sys"
version = "0.32.6"
source = "registry+https://github.com/rust-lang/crates.io-index"
dependencies = [
 "cfg-if 0.1.10 (registry+https://github.com/rust-lang/crates.io-index)",
 "libc 0.2.65 (registry+https://github.com/rust-lang/crates.io-index)",
]

[[package]]
name = "semver"
version = "0.9.0"
source = "registry+https://github.com/rust-lang/crates.io-index"
dependencies = [
 "semver-parser 0.7.0 (registry+https://github.com/rust-lang/crates.io-index)",
]

[[package]]
name = "semver-parser"
version = "0.7.0"
source = "registry+https://github.com/rust-lang/crates.io-index"

[[package]]
name = "serde"
version = "1.0.102"
source = "registry+https://github.com/rust-lang/crates.io-index"
dependencies = [
 "serde_derive 1.0.102 (registry+https://github.com/rust-lang/crates.io-index)",
]

[[package]]
name = "serde_derive"
version = "1.0.102"
source = "registry+https://github.com/rust-lang/crates.io-index"
dependencies = [
 "proc-macro2 1.0.6 (registry+https://github.com/rust-lang/crates.io-index)",
 "quote 1.0.2 (registry+https://github.com/rust-lang/crates.io-index)",
 "syn 1.0.8 (registry+https://github.com/rust-lang/crates.io-index)",
]

[[package]]
name = "serde_json"
version = "1.0.41"
source = "registry+https://github.com/rust-lang/crates.io-index"
dependencies = [
 "itoa 0.4.4 (registry+https://github.com/rust-lang/crates.io-index)",
 "ryu 1.0.2 (registry+https://github.com/rust-lang/crates.io-index)",
 "serde 1.0.102 (registry+https://github.com/rust-lang/crates.io-index)",
]

[[package]]
name = "shlex"
version = "0.1.1"
source = "registry+https://github.com/rust-lang/crates.io-index"

[[package]]
name = "smallvec"
version = "0.6.13"
source = "registry+https://github.com/rust-lang/crates.io-index"
dependencies = [
 "maybe-uninit 2.0.0 (registry+https://github.com/rust-lang/crates.io-index)",
]

[[package]]
name = "sscg"
version = "0.1.0"
dependencies = [
 "astar 4.0.0 (registry+https://github.com/rust-lang/crates.io-index)",
 "regex 1.3.1 (registry+https://github.com/rust-lang/crates.io-index)",
 "sdl2 0.32.2 (registry+https://github.com/rust-lang/crates.io-index)",
 "vecmath 1.0.0 (registry+https://github.com/rust-lang/crates.io-index)",
 "vector2d 2.2.0 (registry+https://github.com/rust-lang/crates.io-index)",
 "wlambda 0.3.3",
]

[[package]]
name = "sscg_gd"
version = "0.1.0"
dependencies = [
 "euclid 0.20.3 (registry+https://github.com/rust-lang/crates.io-index)",
 "gdnative 0.5.0",
 "lazy_static 1.4.0 (registry+https://github.com/rust-lang/crates.io-index)",
 "sscg 0.1.0",
]

[[package]]
name = "syn"
version = "1.0.8"
source = "registry+https://github.com/rust-lang/crates.io-index"
dependencies = [
 "proc-macro2 1.0.6 (registry+https://github.com/rust-lang/crates.io-index)",
 "quote 1.0.2 (registry+https://github.com/rust-lang/crates.io-index)",
 "unicode-xid 0.2.0 (registry+https://github.com/rust-lang/crates.io-index)",
]

[[package]]
name = "synstructure"
version = "0.12.2"
source = "registry+https://github.com/rust-lang/crates.io-index"
dependencies = [
 "proc-macro2 1.0.6 (registry+https://github.com/rust-lang/crates.io-index)",
 "quote 1.0.2 (registry+https://github.com/rust-lang/crates.io-index)",
 "syn 1.0.8 (registry+https://github.com/rust-lang/crates.io-index)",
 "unicode-xid 0.2.0 (registry+https://github.com/rust-lang/crates.io-index)",
]

[[package]]
name = "thread_local"
version = "0.3.6"
source = "registry+https://github.com/rust-lang/crates.io-index"
dependencies = [
 "lazy_static 1.4.0 (registry+https://github.com/rust-lang/crates.io-index)",
]

[[package]]
name = "time"
version = "0.1.42"
source = "registry+https://github.com/rust-lang/crates.io-index"
dependencies = [
 "libc 0.2.65 (registry+https://github.com/rust-lang/crates.io-index)",
 "redox_syscall 0.1.56 (registry+https://github.com/rust-lang/crates.io-index)",
 "winapi 0.3.8 (registry+https://github.com/rust-lang/crates.io-index)",
]

[[package]]
name = "typed-arena"
version = "1.2.0"
source = "registry+https://github.com/rust-lang/crates.io-index"

[[package]]
name = "unicode-segmentation"
version = "1.5.0"
source = "registry+https://github.com/rust-lang/crates.io-index"

[[package]]
name = "unicode-width"
version = "0.1.6"
source = "registry+https://github.com/rust-lang/crates.io-index"

[[package]]
name = "unicode-xid"
version = "0.2.0"
source = "registry+https://github.com/rust-lang/crates.io-index"

[[package]]
name = "utf8parse"
version = "0.1.1"
source = "registry+https://github.com/rust-lang/crates.io-index"

[[package]]
name = "vecmath"
version = "1.0.0"
source = "registry+https://github.com/rust-lang/crates.io-index"
dependencies = [
 "piston-float 1.0.0 (registry+https://github.com/rust-lang/crates.io-index)",
]

[[package]]
name = "vector2d"
version = "2.2.0"
source = "registry+https://github.com/rust-lang/crates.io-index"
dependencies = [
 "proc_vector2d 1.0.2 (registry+https://github.com/rust-lang/crates.io-index)",
]

[[package]]
name = "version_check"
version = "0.1.5"
source = "registry+https://github.com/rust-lang/crates.io-index"

[[package]]
name = "void"
version = "1.0.2"
source = "registry+https://github.com/rust-lang/crates.io-index"

[[package]]
name = "winapi"
version = "0.3.8"
source = "registry+https://github.com/rust-lang/crates.io-index"
dependencies = [
 "winapi-i686-pc-windows-gnu 0.4.0 (registry+https://github.com/rust-lang/crates.io-index)",
 "winapi-x86_64-pc-windows-gnu 0.4.0 (registry+https://github.com/rust-lang/crates.io-index)",
]

[[package]]
name = "winapi-i686-pc-windows-gnu"
version = "0.4.0"
source = "registry+https://github.com/rust-lang/crates.io-index"

[[package]]
name = "winapi-x86_64-pc-windows-gnu"
version = "0.4.0"
source = "registry+https://github.com/rust-lang/crates.io-index"

[[package]]
name = "wlambda"
version = "0.3.3"
dependencies = [
 "chrono 0.4.9 (registry+https://github.com/rust-lang/crates.io-index)",
 "regex 1.3.1 (registry+https://github.com/rust-lang/crates.io-index)",
 "rmp-serde 0.14.0 (registry+https://github.com/rust-lang/crates.io-index)",
 "rustyline 4.1.0 (registry+https://github.com/rust-lang/crates.io-index)",
 "serde 1.0.102 (registry+https://github.com/rust-lang/crates.io-index)",
 "serde_json 1.0.41 (registry+https://github.com/rust-lang/crates.io-index)",
]

[metadata]
"checksum aho-corasick 0.7.6 (registry+https://github.com/rust-lang/crates.io-index)" = "58fb5e95d83b38284460a5fda7d6470aa0b8844d283a0b614b8535e880800d2d"
"checksum arrayref 0.3.5 (registry+https://github.com/rust-lang/crates.io-index)" = "0d382e583f07208808f6b1249e60848879ba3543f57c32277bf52d69c2f0f0ee"
"checksum arrayvec 0.5.1 (registry+https://github.com/rust-lang/crates.io-index)" = "cff77d8686867eceff3105329d4698d96c2391c176d5d03adc90c7389162b5b8"
"checksum astar 4.0.0 (registry+https://github.com/rust-lang/crates.io-index)" = "05aa121d5262761e2e39dc6ca33bc16f5bff74feae0bc8d010b4c93b979143bf"
"checksum autocfg 0.1.7 (registry+https://github.com/rust-lang/crates.io-index)" = "1d49d90015b3c36167a20fe2810c5cd875ad504b39cff3d4eae7977e6b7c1cb2"
"checksum backtrace 0.3.40 (registry+https://github.com/rust-lang/crates.io-index)" = "924c76597f0d9ca25d762c25a4d369d51267536465dc5064bdf0eb073ed477ea"
"checksum backtrace-sys 0.1.32 (registry+https://github.com/rust-lang/crates.io-index)" = "5d6575f128516de27e3ce99689419835fce9643a9b215a14d2b5b685be018491"
"checksum base64 0.10.1 (registry+https://github.com/rust-lang/crates.io-index)" = "0b25d992356d2eb0ed82172f5248873db5560c4721f564b13cb5193bda5e668e"
"checksum bindgen 0.51.1 (registry+https://github.com/rust-lang/crates.io-index)" = "ebd71393f1ec0509b553aa012b9b58e81dadbdff7130bd3b8cba576e69b32f75"
"checksum bitflags 1.2.1 (registry+https://github.com/rust-lang/crates.io-index)" = "cf1de2fe8c75bc145a2f577add951f8134889b4795d47466a54a5c846d691693"
"checksum blake2b_simd 0.5.9 (registry+https://github.com/rust-lang/crates.io-index)" = "b83b7baab1e671718d78204225800d6b170e648188ac7dc992e9d6bddf87d0c0"
"checksum byteorder 1.3.2 (registry+https://github.com/rust-lang/crates.io-index)" = "a7c3dd8985a7111efc5c80b44e23ecdd8c007de8ade3b96595387e812b957cf5"
"checksum c_vec 1.3.3 (registry+https://github.com/rust-lang/crates.io-index)" = "f8a318911dce53b5f1ca6539c44f5342c632269f0fa7ea3e35f32458c27a7c30"
"checksum cc 1.0.47 (registry+https://github.com/rust-lang/crates.io-index)" = "aa87058dce70a3ff5621797f1506cb837edd02ac4c0ae642b4542dce802908b8"
"checksum cexpr 0.3.6 (registry+https://github.com/rust-lang/crates.io-index)" = "fce5b5fb86b0c57c20c834c1b412fd09c77c8a59b9473f86272709e78874cd1d"
"checksum cfg-if 0.1.10 (registry+https://github.com/rust-lang/crates.io-index)" = "4785bdd1c96b2a846b2bd7cc02e86b6b3dbf14e7e53446c4f54c92a361040822"
"checksum chrono 0.4.9 (registry+https://github.com/rust-lang/crates.io-index)" = "e8493056968583b0193c1bb04d6f7684586f3726992d6c573261941a895dbd68"
"checksum clang-sys 0.28.1 (registry+https://github.com/rust-lang/crates.io-index)" = "81de550971c976f176130da4b2978d3b524eaa0fd9ac31f3ceb5ae1231fb4853"
"checksum cloudabi 0.0.3 (registry+https://github.com/rust-lang/crates.io-index)" = "ddfc5b9aa5d4507acaf872de71051dfd0e309860e88966e1051e462a077aac4f"
"checksum constant_time_eq 0.1.4 (registry+https://github.com/rust-lang/crates.io-index)" = "995a44c877f9212528ccc74b21a232f66ad69001e40ede5bcee2ac9ef2657120"
"checksum crossbeam-utils 0.6.6 (registry+https://github.com/rust-lang/crates.io-index)" = "04973fa96e96579258a5091af6003abde64af786b860f18622b82e026cca60e6"
"checksum dirs 1.0.5 (registry+https://github.com/rust-lang/crates.io-index)" = "3fd78930633bd1c6e35c4b42b1df7b0cbc6bc191146e512bb3bedf243fcc3901"
"checksum euclid 0.20.3 (registry+https://github.com/rust-lang/crates.io-index)" = "f46a3516f04c5e05870f71ae6242a97e8f72ee12cfc2f7f5deb16111a98b0670"
"checksum failure 0.1.6 (registry+https://github.com/rust-lang/crates.io-index)" = "f8273f13c977665c5db7eb2b99ae520952fe5ac831ae4cd09d80c4c7042b5ed9"
"checksum failure_derive 0.1.6 (registry+https://github.com/rust-lang/crates.io-index)" = "0bc225b78e0391e4b8683440bf2e63c2deeeb2ce5189eab46e2b68c6d3725d08"
"checksum fnv 1.0.6 (registry+https://github.com/rust-lang/crates.io-index)" = "2fad85553e09a6f881f739c29f0b00b0f01357c743266d478b68951ce23285f3"
"checksum fuchsia-cprng 0.1.1 (registry+https://github.com/rust-lang/crates.io-index)" = "a06f77d526c1a601b7c4cdd98f54b5eaabffc14d5f2f0296febdc7f357c6d3ba"
"checksum glob 0.3.0 (registry+https://github.com/rust-lang/crates.io-index)" = "9b919933a397b79c37e33b77bb2aa3dc8eb6e165ad809e58ff75bc7db2e34574"
"checksum heck 0.3.1 (registry+https://github.com/rust-lang/crates.io-index)" = "20564e78d53d2bb135c343b3f47714a56af2061f1c928fdb541dc7b9fdd94205"
"checksum itoa 0.4.4 (registry+https://github.com/rust-lang/crates.io-index)" = "501266b7edd0174f8530248f87f99c88fbe60ca4ef3dd486835b8d8d53136f7f"
"checksum lazy_static 1.4.0 (registry+https://github.com/rust-lang/crates.io-index)" = "e2abad23fbc42b3700f2f279844dc832adb2b2eb069b2df918f455c4e18cc646"
"checksum libc 0.2.65 (registry+https://github.com/rust-lang/crates.io-index)" = "1a31a0627fdf1f6a39ec0dd577e101440b7db22672c0901fe00a9a6fbb5c24e8"
"checksum libloading 0.5.2 (registry+https://github.com/rust-lang/crates.io-index)" = "f2b111a074963af1d37a139918ac6d49ad1d0d5e47f72fd55388619691a7d753"
"checksum lock_api 0.3.1 (registry+https://github.com/rust-lang/crates.io-index)" = "f8912e782533a93a167888781b836336a6ca5da6175c05944c86cf28c31104dc"
"checksum log 0.4.8 (registry+https://github.com/rust-lang/crates.io-index)" = "14b6052be84e6b71ab17edffc2eeabf5c2c3ae1fdb464aae35ac50c67a44e1f7"
"checksum maybe-uninit 2.0.0 (registry+https://github.com/rust-lang/crates.io-index)" = "60302e4db3a61da70c0cb7991976248362f30319e88850c487b9b95bbf059e00"
"checksum memchr 2.2.1 (registry+https://github.com/rust-lang/crates.io-index)" = "88579771288728879b57485cc7d6b07d648c9f0141eb955f8ab7f9d45394468e"
"checksum nix 0.13.1 (registry+https://github.com/rust-lang/crates.io-index)" = "4dbdc256eaac2e3bd236d93ad999d3479ef775c863dbda3068c4006a92eec51b"
"checksum nom 4.2.3 (registry+https://github.com/rust-lang/crates.io-index)" = "2ad2a91a8e869eeb30b9cb3119ae87773a8f4ae617f41b1eb9c154b2905f7bd6"
"checksum num 0.1.42 (registry+https://github.com/rust-lang/crates.io-index)" = "4703ad64153382334aa8db57c637364c322d3372e097840c72000dabdcf6156e"
"checksum num-integer 0.1.41 (registry+https://github.com/rust-lang/crates.io-index)" = "b85e541ef8255f6cf42bbfe4ef361305c6c135d10919ecc26126c4e5ae94bc09"
"checksum num-iter 0.1.39 (registry+https://github.com/rust-lang/crates.io-index)" = "76bd5272412d173d6bf9afdf98db8612bbabc9a7a830b7bfc9c188911716132e"
"checksum num-traits 0.1.43 (registry+https://github.com/rust-lang/crates.io-index)" = "92e5113e9fd4cc14ded8e499429f396a20f98c772a47cc8622a736e1ec843c31"
"checksum num-traits 0.2.8 (registry+https://github.com/rust-lang/crates.io-index)" = "6ba9a427cfca2be13aa6f6403b0b7e7368fe982bfa16fccc450ce74c46cd9b32"
"checksum parking_lot 0.9.0 (registry+https://github.com/rust-lang/crates.io-index)" = "f842b1982eb6c2fe34036a4fbfb06dd185a3f5c8edfaacdf7d1ea10b07de6252"
"checksum parking_lot_core 0.6.2 (registry+https://github.com/rust-lang/crates.io-index)" = "b876b1b9e7ac6e1a74a6da34d25c42e17e8862aa409cbbbdcfc8d86c6f3bc62b"
"checksum peeking_take_while 0.1.2 (registry+https://github.com/rust-lang/crates.io-index)" = "19b17cddbe7ec3f8bc800887bab5e717348c95ea2ca0b1bf0837fb964dc67099"
"checksum piston-float 1.0.0 (registry+https://github.com/rust-lang/crates.io-index)" = "f900be47e312e126cc71d35548e8e31edd3901b92ab82d1c4c4757e6b5526564"
"checksum proc-macro2 1.0.6 (registry+https://github.com/rust-lang/crates.io-index)" = "9c9e470a8dc4aeae2dee2f335e8f533e2d4b347e1434e5671afc49b054592f27"
"checksum proc_vector2d 1.0.2 (registry+https://github.com/rust-lang/crates.io-index)" = "42ecc0faae16de3ca772d9083ce96872ab6758767deb1efb46e954dfc1d98342"
"checksum quote 1.0.2 (registry+https://github.com/rust-lang/crates.io-index)" = "053a8c8bcc71fcce321828dc897a98ab9760bef03a4fc36693c231e5b3216cfe"
"checksum rand 0.6.5 (registry+https://github.com/rust-lang/crates.io-index)" = "6d71dacdc3c88c1fde3885a3be3fbab9f35724e6ce99467f7d9c5026132184ca"
"checksum rand_chacha 0.1.1 (registry+https://github.com/rust-lang/crates.io-index)" = "556d3a1ca6600bfcbab7c7c91ccb085ac7fbbcd70e008a98742e7847f4f7bcef"
"checksum rand_core 0.3.1 (registry+https://github.com/rust-lang/crates.io-index)" = "7a6fdeb83b075e8266dcc8762c22776f6877a63111121f5f8c7411e5be7eed4b"
"checksum rand_core 0.4.2 (registry+https://github.com/rust-lang/crates.io-index)" = "9c33a3c44ca05fa6f1807d8e6743f3824e8509beca625669633be0acbdf509dc"
"checksum rand_hc 0.1.0 (registry+https://github.com/rust-lang/crates.io-index)" = "7b40677c7be09ae76218dc623efbf7b18e34bced3f38883af07bb75630a21bc4"
"checksum rand_isaac 0.1.1 (registry+https://github.com/rust-lang/crates.io-index)" = "ded997c9d5f13925be2a6fd7e66bf1872597f759fd9dd93513dd7e92e5a5ee08"
"checksum rand_jitter 0.1.4 (registry+https://github.com/rust-lang/crates.io-index)" = "1166d5c91dc97b88d1decc3285bb0a99ed84b05cfd0bc2341bdf2d43fc41e39b"
"checksum rand_os 0.1.3 (registry+https://github.com/rust-lang/crates.io-index)" = "7b75f676a1e053fc562eafbb47838d67c84801e38fc1ba459e8f180deabd5071"
"checksum rand_pcg 0.1.2 (registry+https://github.com/rust-lang/crates.io-index)" = "abf9b09b01790cfe0364f52bf32995ea3c39f4d2dd011eac241d2914146d0b44"
"checksum rand_xorshift 0.1.1 (registry+https://github.com/rust-lang/crates.io-index)" = "cbf7e9e623549b0e21f6e97cf8ecf247c1a8fd2e8a992ae265314300b2455d5c"
"checksum rdrand 0.4.0 (registry+https://github.com/rust-lang/crates.io-index)" = "678054eb77286b51581ba43620cc911abf02758c91f93f479767aed0f90458b2"
"checksum redox_syscall 0.1.56 (registry+https://github.com/rust-lang/crates.io-index)" = "2439c63f3f6139d1b57529d16bc3b8bb855230c8efcc5d3a896c8bea7c3b1e84"
"checksum redox_users 0.3.1 (registry+https://github.com/rust-lang/crates.io-index)" = "4ecedbca3bf205f8d8f5c2b44d83cd0690e39ee84b951ed649e9f1841132b66d"
"checksum regex 1.3.1 (registry+https://github.com/rust-lang/crates.io-index)" = "dc220bd33bdce8f093101afe22a037b8eb0e5af33592e6a9caafff0d4cb81cbd"
"checksum regex-syntax 0.6.12 (registry+https://github.com/rust-lang/crates.io-index)" = "11a7e20d1cce64ef2fed88b66d347f88bd9babb82845b2b858f3edbf59a4f716"
"checksum rmp 0.8.8 (registry+https://github.com/rust-lang/crates.io-index)" = "0f594cb7ff8f1c5a7907f6be91f15795c8301e0d5718eb007fb5832723dd716e"
"checksum rmp-serde 0.14.0 (registry+https://github.com/rust-lang/crates.io-index)" = "4a31c0798045f039ace94e0166f76478b3ba83116ec7c9d4bc934c5b13b8df21"
"checksum rust-argon2 0.5.1 (registry+https://github.com/rust-lang/crates.io-index)" = "4ca4eaef519b494d1f2848fc602d18816fed808a981aedf4f1f00ceb7c9d32cf"
"checksum rustc-demangle 0.1.16 (registry+https://github.com/rust-lang/crates.io-index)" = "4c691c0e608126e00913e33f0ccf3727d5fc84573623b8d65b2df340b5201783"
"checksum rustc-hash 1.0.1 (registry+https://github.com/rust-lang/crates.io-index)" = "7540fc8b0c49f096ee9c961cda096467dce8084bec6bdca2fc83895fd9b28cb8"
"checksum rustc_version 0.2.3 (registry+https://github.com/rust-lang/crates.io-index)" = "138e3e0acb6c9fb258b19b67cb8abd63c00679d2851805ea151465464fe9030a"
"checksum rustyline 4.1.0 (registry+https://github.com/rust-lang/crates.io-index)" = "0f47ea1ceb347d2deae482d655dc8eef4bd82363d3329baffa3818bd76fea48b"
"checksum ryu 1.0.2 (registry+https://github.com/rust-lang/crates.io-index)" = "bfa8506c1de11c9c4e4c38863ccbe02a305c8188e85a05a784c9e11e1c3910c8"
"checksum scopeguard 1.0.0 (registry+https://github.com/rust-lang/crates.io-index)" = "b42e15e59b18a828bbf5c58ea01debb36b9b096346de35d941dcb89009f24a0d"
"checksum sdl2 0.32.2 (registry+https://github.com/rust-lang/crates.io-index)" = "d051a07231e303f5f719da78cb6f7394f6d5b54f733aef5b0b447804a83edd7b"
"checksum sdl2-sys 0.32.6 (registry+https://github.com/rust-lang/crates.io-index)" = "34e71125077d297d57e4c1acfe8981b5bdfbf5a20e7b589abfdcb33bf1127f86"
"checksum semver 0.9.0 (registry+https://github.com/rust-lang/crates.io-index)" = "1d7eb9ef2c18661902cc47e535f9bc51b78acd254da71d375c2f6720d9a40403"
"checksum semver-parser 0.7.0 (registry+https://github.com/rust-lang/crates.io-index)" = "388a1df253eca08550bef6c72392cfe7c30914bf41df5269b68cbd6ff8f570a3"
"checksum serde 1.0.102 (registry+https://github.com/rust-lang/crates.io-index)" = "0c4b39bd9b0b087684013a792c59e3e07a46a01d2322518d8a1104641a0b1be0"
"checksum serde_derive 1.0.102 (registry+https://github.com/rust-lang/crates.io-index)" = "ca13fc1a832f793322228923fbb3aba9f3f44444898f835d31ad1b74fa0a2bf8"
"checksum serde_json 1.0.41 (registry+https://github.com/rust-lang/crates.io-index)" = "2f72eb2a68a7dc3f9a691bfda9305a1c017a6215e5a4545c258500d2099a37c2"
"checksum shlex 0.1.1 (registry+https://github.com/rust-lang/crates.io-index)" = "7fdf1b9db47230893d76faad238fd6097fd6d6a9245cd7a4d90dbd639536bbd2"
"checksum smallvec 0.6.13 (registry+https://github.com/rust-lang/crates.io-index)" = "f7b0758c52e15a8b5e3691eae6cc559f08eee9406e548a4477ba4e67770a82b6"
"checksum syn 1.0.8 (registry+https://github.com/rust-lang/crates.io-index)" = "661641ea2aa15845cddeb97dad000d22070bb5c1fb456b96c1cba883ec691e92"
"checksum synstructure 0.12.2 (registry+https://github.com/rust-lang/crates.io-index)" = "575be94ccb86e8da37efb894a87e2b660be299b41d8ef347f9d6d79fbe61b1ba"
"checksum thread_local 0.3.6 (registry+https://github.com/rust-lang/crates.io-index)" = "c6b53e329000edc2b34dbe8545fd20e55a333362d0a321909685a19bd28c3f1b"
"checksum time 0.1.42 (registry+https://github.com/rust-lang/crates.io-index)" = "db8dcfca086c1143c9270ac42a2bbd8a7ee477b78ac8e45b19abfb0cbede4b6f"
"checksum typed-arena 1.2.0 (registry+https://github.com/rust-lang/crates.io-index)" = "8e2f9dc90da4f9d66ffc9ad3ead2c7d57582a26f4a3292d2ce7011bd29965100"
"checksum unicode-segmentation 1.5.0 (registry+https://github.com/rust-lang/crates.io-index)" = "49f5526225fd8b77342d5986ab5f6055552e9c0776193b5b63fd53b46debfad7"
"checksum unicode-width 0.1.6 (registry+https://github.com/rust-lang/crates.io-index)" = "7007dbd421b92cc6e28410fe7362e2e0a2503394908f417b68ec8d1c364c4e20"
"checksum unicode-xid 0.2.0 (registry+https://github.com/rust-lang/crates.io-index)" = "826e7639553986605ec5979c7dd957c7895e93eabed50ab2ffa7f6128a75097c"
"checksum utf8parse 0.1.1 (registry+https://github.com/rust-lang/crates.io-index)" = "8772a4ccbb4e89959023bc5b7cb8623a795caa7092d99f3aa9501b9484d4557d"
"checksum vecmath 1.0.0 (registry+https://github.com/rust-lang/crates.io-index)" = "956ae1e0d85bca567dee1dcf87fb1ca2e792792f66f87dced8381f99cd91156a"
"checksum vector2d 2.2.0 (registry+https://github.com/rust-lang/crates.io-index)" = "b0ec481eac35d50b7544c58613da9f823561612b0221e67bdf04823b4c6e1358"
"checksum version_check 0.1.5 (registry+https://github.com/rust-lang/crates.io-index)" = "914b1a6776c4c929a602fafd8bc742e06365d4bcbe48c30f9cca5824f70dc9dd"
"checksum void 1.0.2 (registry+https://github.com/rust-lang/crates.io-index)" = "6a02e4885ed3bc0f2de90ea6dd45ebcbb66dacffe03547fadbb0eeae2770887d"
"checksum winapi 0.3.8 (registry+https://github.com/rust-lang/crates.io-index)" = "8093091eeb260906a183e6ae1abdba2ef5ef2257a21801128899c3fc699229c6"
"checksum winapi-i686-pc-windows-gnu 0.4.0 (registry+https://github.com/rust-lang/crates.io-index)" = "ac3b87c63620426dd9b991e5ce0329eff545bccbbb34f3be09ff6fb6ab51b7b6"
"checksum winapi-x86_64-pc-windows-gnu 0.4.0 (registry+https://github.com/rust-lang/crates.io-index)" = "712e227841d057c1ee1cd2fb22fa7e5a5461ae8e48fa2ca79ec42cfc1931183f"
